
Microsoft Visual Studio Solution File, Format Version 12.00
# Visual Studio Version 16
VisualStudioVersion = 16.0.30309.148
MinimumVisualStudioVersion = 10.0.40219.1
Project("{2150E333-8FDC-42A3-9474-1A3956D46DE8}") = "src", "src", "{07D664EC-B836-437E-ADC6-AE53FC542DA4}"
EndProject
Project("{FAE04EC0-301F-11D3-BF4B-00C04F79EFBC}") = "UserService", "UserService\UserService.csproj", "{25DEA07C-1D0B-44DE-9A74-F550DF2AB49D}"
EndProject
Project("{2150E333-8FDC-42A3-9474-1A3956D46DE8}") = "test", "test", "{0B701B38-983A-4BC4-9DA1-BA5A0A5EEED8}"
EndProject
Global
	GlobalSection(SolutionConfigurationPlatforms) = preSolution
		Debug|Any CPU = Debug|Any CPU
		Release|Any CPU = Release|Any CPU
	EndGlobalSection
	GlobalSection(ProjectConfigurationPlatforms) = postSolution
		{25DEA07C-1D0B-44DE-9A74-F550DF2AB49D}.Debug|Any CPU.ActiveCfg = Debug|Any CPU
		{25DEA07C-1D0B-44DE-9A74-F550DF2AB49D}.Debug|Any CPU.Build.0 = Debug|Any CPU
		{25DEA07C-1D0B-44DE-9A74-F550DF2AB49D}.Release|Any CPU.ActiveCfg = Release|Any CPU
		{25DEA07C-1D0B-44DE-9A74-F550DF2AB49D}.Release|Any CPU.Build.0 = Release|Any CPU
	EndGlobalSection
	GlobalSection(SolutionProperties) = preSolution
		HideSolutionNode = FALSE
	EndGlobalSection
	GlobalSection(ExtensibilityGlobals) = postSolution
		SolutionGuid = {120A5F3A-95D6-4F4A-A7C7-CC49DB350602}
	EndGlobalSection
EndGlobal
